{
  "name": "govuk_design_system",
  "version": "0.1.0",
  "lockfileVersion": 1,
  "requires": true,
  "dependencies": {
    "@govuk-frontend/all": {
      "version": "0.0.11-alpha",
      "resolved": "https://registry.npmjs.org/@govuk-frontend/all/-/all-0.0.11-alpha.tgz",
      "integrity": "sha512-yT8xhiynbVZNuG/xjn29fR82TgRxYtx9PWUQhKzr1k2E2SciVxYf2qfJcVnYsQO6b8/nGuKAGLnH2gCdSjNbwQ==",
      "requires": {
        "@govuk-frontend/breadcrumb": "0.0.11-alpha",
        "@govuk-frontend/button": "0.0.11-alpha",
        "@govuk-frontend/checkbox": "0.0.11-alpha",
        "@govuk-frontend/cookie-banner": "0.0.11-alpha",
        "@govuk-frontend/date": "0.0.11-alpha",
        "@govuk-frontend/details": "0.0.11-alpha",
        "@govuk-frontend/error-message": "0.0.11-alpha",
        "@govuk-frontend/error-summary": "0.0.11-alpha",
        "@govuk-frontend/fieldset": "0.0.11-alpha",
        "@govuk-frontend/file-upload": "0.0.11-alpha",
        "@govuk-frontend/icons": "0.0.11-alpha",
        "@govuk-frontend/input": "0.0.11-alpha",
        "@govuk-frontend/inset-text": "0.0.11-alpha",
        "@govuk-frontend/label": "0.0.11-alpha",
        "@govuk-frontend/legal-text": "0.0.11-alpha",
        "@govuk-frontend/link": "0.0.11-alpha",
        "@govuk-frontend/list": "0.0.11-alpha",
        "@govuk-frontend/panel": "0.0.11-alpha",
        "@govuk-frontend/phase-banner": "0.0.11-alpha",
        "@govuk-frontend/phase-tag": "0.0.11-alpha",
        "@govuk-frontend/radio": "0.0.11-alpha",
        "@govuk-frontend/select-box": "0.0.11-alpha",
        "@govuk-frontend/table": "0.0.11-alpha",
        "@govuk-frontend/textarea": "0.0.11-alpha"
      }
    },
    "@govuk-frontend/breadcrumb": {
      "version": "0.0.11-alpha",
      "resolved": "https://registry.npmjs.org/@govuk-frontend/breadcrumb/-/breadcrumb-0.0.11-alpha.tgz",
      "integrity": "sha512-Zz/8eBThm+6PHmq5oWeLMxWODSnUuIDt1YMK24M52Asi4h66r/aKYrzZdCnv3RDwXI9kvqe98v5wPZQhwYKjZw==",
      "requires": {
        "@govuk-frontend/globals": "0.0.11-alpha",
        "@govuk-frontend/icons": "0.0.11-alpha"
      }
    },
    "@govuk-frontend/button": {
      "version": "0.0.11-alpha",
      "resolved": "https://registry.npmjs.org/@govuk-frontend/button/-/button-0.0.11-alpha.tgz",
      "integrity": "sha512-JivR/tBA++660rxPYP72MmTGobgO1WeXgdd5FWeJVjYpIe0n3BFesyzc/yw8wGAyhS4uezOryXmrdIUQTi117g==",
      "requires": {
        "@govuk-frontend/globals": "0.0.11-alpha",
        "@govuk-frontend/icons": "0.0.11-alpha"
      }
    },
    "@govuk-frontend/checkbox": {
      "version": "0.0.11-alpha",
      "resolved": "https://registry.npmjs.org/@govuk-frontend/checkbox/-/checkbox-0.0.11-alpha.tgz",
      "integrity": "sha512-ZWzGLaa9xo+sEnOh9+esp6jiFE7h0G201Y5hphAWUbTb/2RqwzG5XBb4FTYNQy4ECXuOb+tivq6qk+xsMFeoOw==",
      "requires": {
        "@govuk-frontend/globals": "0.0.11-alpha"
      }
    },
    "@govuk-frontend/cookie-banner": {
      "version": "0.0.11-alpha",
      "resolved": "https://registry.npmjs.org/@govuk-frontend/cookie-banner/-/cookie-banner-0.0.11-alpha.tgz",
      "integrity": "sha512-4UDvLV8j72/aRvwPlxeijS0nZ/BeAsA1PpFQs6M3Q9yqwfvlwi6KwQXiNZ6F0zp3WOqJNa3guxuNhUexkA+Wxg==",
      "requires": {
        "@govuk-frontend/globals": "0.0.11-alpha",
        "@govuk-frontend/site-width-container": "0.0.11-alpha"
      }
    },
    "@govuk-frontend/date": {
      "version": "0.0.11-alpha",
      "resolved": "https://registry.npmjs.org/@govuk-frontend/date/-/date-0.0.11-alpha.tgz",
      "integrity": "sha512-7n+70M6liVgPvQQUlX4v2Fdxzctk1mnCsnLNtQshW0nXpp6kNr9aJ9BeV6q6ERMeIpfgeBS+F9zZ2dXAHvb6yg==",
      "requires": {
        "@govuk-frontend/error-message": "0.0.11-alpha",
        "@govuk-frontend/globals": "0.0.11-alpha",
        "@govuk-frontend/label": "0.0.11-alpha"
      }
    },
    "@govuk-frontend/details": {
      "version": "0.0.11-alpha",
      "resolved": "https://registry.npmjs.org/@govuk-frontend/details/-/details-0.0.11-alpha.tgz",
      "integrity": "sha512-geSA0fvNy6KPuctWMCq7pdtT130cg3z9q3W7xTUsxvVf5twxUMCOx4lzkkbxfcyi2BbWdQVs/pL0okgj9ywuJA==",
      "requires": {
        "@govuk-frontend/globals": "0.0.11-alpha"
      }
    },
    "@govuk-frontend/error-message": {
      "version": "0.0.11-alpha",
      "resolved": "https://registry.npmjs.org/@govuk-frontend/error-message/-/error-message-0.0.11-alpha.tgz",
      "integrity": "sha512-dsw2z6YjtNjyOLOFbFH6sxNJzZh+R4aoxZlzxH6q8N3LnOqYuamU6LaNDb24HGwWHh8VSUYmUHO7QvJacroDCQ==",
      "requires": {
        "@govuk-frontend/globals": "0.0.11-alpha"
      }
    },
    "@govuk-frontend/error-summary": {
      "version": "0.0.11-alpha",
      "resolved": "https://registry.npmjs.org/@govuk-frontend/error-summary/-/error-summary-0.0.11-alpha.tgz",
      "integrity": "sha512-QV4Vntb4TjaEMabSfLVVL2vS/78H0e801UUDz/UH1vU2rEcsLfh0OtJJl015faj09LczQJ76puFX5WkC2Aazfw==",
      "requires": {
        "@govuk-frontend/globals": "0.0.11-alpha",
        "@govuk-frontend/list": "0.0.11-alpha"
      }
    },
    "@govuk-frontend/fieldset": {
      "version": "0.0.11-alpha",
      "resolved": "https://registry.npmjs.org/@govuk-frontend/fieldset/-/fieldset-0.0.11-alpha.tgz",
      "integrity": "sha512-Qi9YAr4QNIWI2BHzIU/lpikoeVKgJyNq3/lL5Q0l19u7wIWQXrh1i5bly8I9Wq0qXsFUvYy6puCU6oq4nEFTfQ==",
      "requires": {
        "@govuk-frontend/globals": "0.0.11-alpha"
      }
    },
    "@govuk-frontend/file-upload": {
      "version": "0.0.11-alpha",
      "resolved": "https://registry.npmjs.org/@govuk-frontend/file-upload/-/file-upload-0.0.11-alpha.tgz",
      "integrity": "sha512-dXzPO5YY4EGPB1M6qpgieqqK4+X8ygBKjRxMIjo4LvBE3dvB4dbs/DX/m0E7I0LUcnDAFlwyWnUF0PVx8kIo0w==",
      "requires": {
        "@govuk-frontend/globals": "0.0.11-alpha"
      }
    },
    "@govuk-frontend/globals": {
      "version": "0.0.11-alpha",
      "resolved": "https://registry.npmjs.org/@govuk-frontend/globals/-/globals-0.0.11-alpha.tgz",
      "integrity": "sha512-ZQeWIxsYcHbrPp3+2JMcCkPsZHcEtI18LTplzBCZ0alrMB8hfH+NtD3/M39ZBnOqtKxUoaqyRwL4x+N6neuoug==",
      "requires": {
        "sass-mq": "3.3.2"
      }
    },
    "@govuk-frontend/icons": {
      "version": "0.0.11-alpha",
      "resolved": "https://registry.npmjs.org/@govuk-frontend/icons/-/icons-0.0.11-alpha.tgz",
      "integrity": "sha512-rp9BftTl5zVVfcIAM7fP931z2c9TTSV6Fsh0byjWNjdz1WlReJtQFvi0z1PlZpmeDWI5YOw0LE6c1EQO/M63jg=="
    },
    "@govuk-frontend/input": {
      "version": "0.0.11-alpha",
      "resolved": "https://registry.npmjs.org/@govuk-frontend/input/-/input-0.0.11-alpha.tgz",
      "integrity": "sha512-35nLb4n9y0s85TVss1NtIqXrlOqFSMyrr7f7+ZFZZ/QR0T57OAHxsqOHvG+wuvEZylxylERPnbhpoDCErItLtg==",
      "requires": {
        "@govuk-frontend/error-message": "0.0.11-alpha",
        "@govuk-frontend/globals": "0.0.11-alpha",
        "@govuk-frontend/label": "0.0.11-alpha"
      }
    },
    "@govuk-frontend/inset-text": {
      "version": "0.0.11-alpha",
      "resolved": "https://registry.npmjs.org/@govuk-frontend/inset-text/-/inset-text-0.0.11-alpha.tgz",
      "integrity": "sha512-+6Pr8U8KwqqB3vrt1RUjoKcyKaml7n6zY2Fk8F0LtzTwtaD4oluBWUDQ878OPOaoTYQfnaAW6vQQqYyOxgQpBw==",
      "requires": {
        "@govuk-frontend/globals": "0.0.11-alpha"
      }
    },
    "@govuk-frontend/label": {
      "version": "0.0.11-alpha",
      "resolved": "https://registry.npmjs.org/@govuk-frontend/label/-/label-0.0.11-alpha.tgz",
      "integrity": "sha512-1g+CgBl7jTfAepZfhPenu2GxnzfDc7ZYiMoVFv7/I15ulO1Ddwf25D+64Y1XK/i452XAVnAvjQVHjNRW0myERQ==",
      "requires": {
        "@govuk-frontend/globals": "0.0.11-alpha"
      }
    },
    "@govuk-frontend/legal-text": {
      "version": "0.0.11-alpha",
      "resolved": "https://registry.npmjs.org/@govuk-frontend/legal-text/-/legal-text-0.0.11-alpha.tgz",
      "integrity": "sha512-by8chLq3Nun4ZxiKjlYyg4AtxcPX/Ln+6JlFHqfTkjiOPlNCkmmle45BJg9hmx3v1yH8nhBFrFNAOQuZW95xaw==",
      "requires": {
        "@govuk-frontend/globals": "0.0.11-alpha"
      }
    },
    "@govuk-frontend/link": {
      "version": "0.0.11-alpha",
      "resolved": "https://registry.npmjs.org/@govuk-frontend/link/-/link-0.0.11-alpha.tgz",
      "integrity": "sha512-9lcQPszhyfwnSO9e1QOQVotCHKAJ1mIvIOQr+ZINnFGbpjhAYKE1uKAnQspYj0rou855OJ4z745hUWfgJhNbmA==",
      "requires": {
        "@govuk-frontend/globals": "0.0.11-alpha"
      }
    },
    "@govuk-frontend/list": {
      "version": "0.0.11-alpha",
      "resolved": "https://registry.npmjs.org/@govuk-frontend/list/-/list-0.0.11-alpha.tgz",
      "integrity": "sha512-fdLXu+y/q4PQ4uNYGUVWD9d4RFtDw3vcMYPUA8o+iRA1KTNhAKpT3TiodR6EvDhptx1Bl+/lqnjp4IOXdUGBtw==",
      "requires": {
        "@govuk-frontend/globals": "0.0.11-alpha"
      }
    },
    "@govuk-frontend/panel": {
      "version": "0.0.11-alpha",
      "resolved": "https://registry.npmjs.org/@govuk-frontend/panel/-/panel-0.0.11-alpha.tgz",
      "integrity": "sha512-fbg3U/xLMIgy73q2fZyH9peI0gkKERImF5lKOgC9T8ZZoER6pcuA8X61zbj97H5aV3lKUuqdTypB6RI3YeOzKA==",
      "requires": {
        "@govuk-frontend/globals": "0.0.11-alpha"
      }
    },
    "@govuk-frontend/phase-banner": {
      "version": "0.0.11-alpha",
      "resolved": "https://registry.npmjs.org/@govuk-frontend/phase-banner/-/phase-banner-0.0.11-alpha.tgz",
      "integrity": "sha512-hhDg6nmmagSAYpmM5+TNYC6KitLFMiNaWfk4LQppwWMzKOnA9uW2st0iL3fEfAFeHRWHiHO8GmlLQvFxM2XL+Q==",
      "requires": {
        "@govuk-frontend/globals": "0.0.11-alpha",
        "@govuk-frontend/phase-tag": "0.0.11-alpha"
      }
    },
    "@govuk-frontend/phase-tag": {
      "version": "0.0.11-alpha",
      "resolved": "https://registry.npmjs.org/@govuk-frontend/phase-tag/-/phase-tag-0.0.11-alpha.tgz",
      "integrity": "sha512-Uvx6b21zwXua9N0+XNkUuMR9Qt0JPzfxQM6b3214WKqgIqfSnmJQaoMdnCS+I0WUcyt+TJ1A0px6HIOa79LL9Q==",
      "requires": {
        "@govuk-frontend/globals": "0.0.11-alpha"
      }
    },
    "@govuk-frontend/radio": {
      "version": "0.0.11-alpha",
      "resolved": "https://registry.npmjs.org/@govuk-frontend/radio/-/radio-0.0.11-alpha.tgz",
      "integrity": "sha512-S7yerpxAIS0Wluzm1pHpnvMmjv8BDsReBgAa3SuLTgaSDxh0hfZW+BBGkXOtWTx0lP/rwsmd1hph0wiZcxGslA==",
      "requires": {
        "@govuk-frontend/globals": "0.0.11-alpha"
      }
    },
    "@govuk-frontend/select-box": {
      "version": "0.0.11-alpha",
      "resolved": "https://registry.npmjs.org/@govuk-frontend/select-box/-/select-box-0.0.11-alpha.tgz",
      "integrity": "sha512-5b9P/LLgZTXtnGPUOjggCR9MYlsyy5UCsKVwB8/rm6b+X8vWrmYJ0BmzHf6ZmwvpB2f3sc7eKGJPymHd4pn1Ew==",
      "requires": {
        "@govuk-frontend/globals": "0.0.11-alpha",
        "@govuk-frontend/label": "0.0.11-alpha"
      }
    },
    "@govuk-frontend/site-width-container": {
      "version": "0.0.11-alpha",
      "resolved": "https://registry.npmjs.org/@govuk-frontend/site-width-container/-/site-width-container-0.0.11-alpha.tgz",
      "integrity": "sha512-O53iQm8szgo8xd9OY+bhlBBnI9MejnA1YFBUSYp+E1asmQdIZt+AglSqklm3dMGsY7igETjDka2Yoe1y66pCEg==",
      "requires": {
        "@govuk-frontend/globals": "0.0.11-alpha"
      }
    },
    "@govuk-frontend/table": {
      "version": "0.0.11-alpha",
      "resolved": "https://registry.npmjs.org/@govuk-frontend/table/-/table-0.0.11-alpha.tgz",
      "integrity": "sha512-Aw/Ud8gOJc+evd3Juxo0xi1NpJUPEijX30kyi8fixK03RvMZ7LdlnsrRqxuN7BBE6tqQ4RmP23MWggvgy3D0ag==",
      "requires": {
        "@govuk-frontend/globals": "0.0.11-alpha"
      }
    },
    "@govuk-frontend/textarea": {
      "version": "0.0.11-alpha",
      "resolved": "https://registry.npmjs.org/@govuk-frontend/textarea/-/textarea-0.0.11-alpha.tgz",
      "integrity": "sha512-Gpen64VFUeYV2mU2wZygFDiPEm8wb5SBTpeNA2nChAVysQV+O/fd8t0KyKSiQGHnBI4MWmV+LJZENp8PQutJ7A==",
      "requires": {
        "@govuk-frontend/error-message": "0.0.11-alpha",
        "@govuk-frontend/globals": "0.0.11-alpha",
        "@govuk-frontend/label": "0.0.11-alpha"
      }
    },
    "sass-mq": {
      "version": "3.3.2",
      "resolved": "https://registry.npmjs.org/sass-mq/-/sass-mq-3.3.2.tgz",
      "integrity": "sha1-NHLgTDGkMrzVWztgTtxyrppN7xo="
    }
  }
}
